
Microsoft Visual Studio Solution File, Format Version 12.00
# Visual Studio Version 17
VisualStudioVersion = 17.9.34723.18
MinimumVisualStudioVersion = 10.0.40219.1
Project("{FAE04EC0-301F-11D3-BF4B-00C04F79EFBC}") = "Primeiro teste DotNet", "Primeiro teste DotNet\Primeiro teste DotNet.csproj", "{8F1BEDF0-F8B0-4BE7-AAD3-4667E9B02D3B}"
EndProject
Global
	GlobalSection(SolutionConfigurationPlatforms) = preSolution
		Debug|Any CPU = Debug|Any CPU
		Release|Any CPU = Release|Any CPU
	EndGlobalSection
	GlobalSection(ProjectConfigurationPlatforms) = postSolution
		{8F1BEDF0-F8B0-4BE7-AAD3-4667E9B02D3B}.Debug|Any CPU.ActiveCfg = Debug|Any CPU
		{8F1BEDF0-F8B0-4BE7-AAD3-4667E9B02D3B}.Debug|Any CPU.Build.0 = Debug|Any CPU
		{8F1BEDF0-F8B0-4BE7-AAD3-4667E9B02D3B}.Release|Any CPU.ActiveCfg = Release|Any CPU
		{8F1BEDF0-F8B0-4BE7-AAD3-4667E9B02D3B}.Release|Any CPU.Build.0 = Release|Any CPU
	EndGlobalSection
	GlobalSection(SolutionProperties) = preSolution
		HideSolutionNode = FALSE
	EndGlobalSection
	GlobalSection(ExtensibilityGlobals) = postSolution
		SolutionGuid = {2C2813EF-0B17-4830-ADD9-26FB8C7D085E}
	EndGlobalSection
EndGlobal
